
Microsoft Visual Studio Solution File, Format Version 12.00
# Visual Studio Version 16
VisualStudioVersion = 16.0.29006.145
MinimumVisualStudioVersion = 15.0.26124.0
Project("{2150E333-8FDC-42A3-9474-1A3956D46DE8}") = "Solution Items", "Solution Items", "{17DA2C1E-F434-4174-9361-FA8FCBB333CF}"
	ProjectSection(SolutionItems) = preProject
		build-and-run.ps1 = build-and-run.ps1
		publish-to-frontend.cmd = publish-to-frontend.cmd
	EndProjectSection
EndProject
Project("{9A19103F-16F7-4668-BE54-9A1E7A4F7556}") = "Tennis1.Common", "Tennis1.Common\Tennis1.Common.csproj", "{FCAD645E-FFC9-4536-B4BE-CF42760E5415}"
EndProject
Project("{9A19103F-16F7-4668-BE54-9A1E7A4F7556}") = "Tennis1.Game", "Tennis1.Game\Tennis1.Game.csproj", "{D88EA059-18ED-4438-9C4D-18C0C2C1332E}"
EndProject
Project("{9A19103F-16F7-4668-BE54-9A1E7A4F7556}") = "Tennis1.User", "Tennis1.User\Tennis1.User.csproj", "{569CB6DD-EAF1-48E9-A7C9-78ADE4D8EFC9}"
EndProject
Project("{2150E333-8FDC-42A3-9474-1A3956D46DE8}") = "Project", "Project", "{19F6EF38-62EC-462B-9C9C-1ABB5A4A93E0}"
EndProject
Project("{2150E333-8FDC-42A3-9474-1A3956D46DE8}") = "Test", "Test", "{A8040A36-EB47-4D6D-A83B-EE5CC3D6E0AD}"
EndProject
Project("{9A19103F-16F7-4668-BE54-9A1E7A4F7556}") = "Tennis1.Host", "Tennis1.Host\Tennis1.Host.csproj", "{D4BA307A-8357-4BCF-97EA-0280C928A465}"
EndProject
Project("{9A19103F-16F7-4668-BE54-9A1E7A4F7556}") = "Tennis1.Game.Test", "Tennis1.Game.Test\Tennis1.Game.Test.csproj", "{AEF50CF3-1501-4D1F-BDC6-F1D639724EF8}"
EndProject
Project("{FAE04EC0-301F-11D3-BF4B-00C04F79EFBC}") = "Tennis1.Protocol.Outputer", "Tennis1.Protocol.Outputer\Tennis1.Protocol.Outputer.csproj", "{FEFE7D09-9BE6-413B-8B77-C685F7D91C3A}"
EndProject
Global
	GlobalSection(SolutionConfigurationPlatforms) = preSolution
		Debug_Unity|Any CPU = Debug_Unity|Any CPU
		Debug_Unity|x64 = Debug_Unity|x64
		Debug_Unity|x86 = Debug_Unity|x86
		Debug|Any CPU = Debug|Any CPU
		Debug|x64 = Debug|x64
		Debug|x86 = Debug|x86
		Release|Any CPU = Release|Any CPU
		Release|x64 = Release|x64
		Release|x86 = Release|x86
	EndGlobalSection
	GlobalSection(ProjectConfigurationPlatforms) = postSolution
		{FCAD645E-FFC9-4536-B4BE-CF42760E5415}.Debug_Unity|Any CPU.ActiveCfg = Debug|Any CPU
		{FCAD645E-FFC9-4536-B4BE-CF42760E5415}.Debug_Unity|Any CPU.Build.0 = Debug|Any CPU
		{FCAD645E-FFC9-4536-B4BE-CF42760E5415}.Debug_Unity|x64.ActiveCfg = Debug|Any CPU
		{FCAD645E-FFC9-4536-B4BE-CF42760E5415}.Debug_Unity|x64.Build.0 = Debug|Any CPU
		{FCAD645E-FFC9-4536-B4BE-CF42760E5415}.Debug_Unity|x86.ActiveCfg = Debug|Any CPU
		{FCAD645E-FFC9-4536-B4BE-CF42760E5415}.Debug_Unity|x86.Build.0 = Debug|Any CPU
		{FCAD645E-FFC9-4536-B4BE-CF42760E5415}.Debug|Any CPU.ActiveCfg = Debug|Any CPU
		{FCAD645E-FFC9-4536-B4BE-CF42760E5415}.Debug|Any CPU.Build.0 = Debug|Any CPU
		{FCAD645E-FFC9-4536-B4BE-CF42760E5415}.Debug|x64.ActiveCfg = Debug|Any CPU
		{FCAD645E-FFC9-4536-B4BE-CF42760E5415}.Debug|x64.Build.0 = Debug|Any CPU
		{FCAD645E-FFC9-4536-B4BE-CF42760E5415}.Debug|x86.ActiveCfg = Debug|Any CPU
		{FCAD645E-FFC9-4536-B4BE-CF42760E5415}.Debug|x86.Build.0 = Debug|Any CPU
		{FCAD645E-FFC9-4536-B4BE-CF42760E5415}.Release|Any CPU.ActiveCfg = Release|Any CPU
		{FCAD645E-FFC9-4536-B4BE-CF42760E5415}.Release|Any CPU.Build.0 = Release|Any CPU
		{FCAD645E-FFC9-4536-B4BE-CF42760E5415}.Release|x64.ActiveCfg = Release|Any CPU
		{FCAD645E-FFC9-4536-B4BE-CF42760E5415}.Release|x64.Build.0 = Release|Any CPU
		{FCAD645E-FFC9-4536-B4BE-CF42760E5415}.Release|x86.ActiveCfg = Release|Any CPU
		{FCAD645E-FFC9-4536-B4BE-CF42760E5415}.Release|x86.Build.0 = Release|Any CPU
		{D88EA059-18ED-4438-9C4D-18C0C2C1332E}.Debug_Unity|Any CPU.ActiveCfg = Debug|Any CPU
		{D88EA059-18ED-4438-9C4D-18C0C2C1332E}.Debug_Unity|Any CPU.Build.0 = Debug|Any CPU
		{D88EA059-18ED-4438-9C4D-18C0C2C1332E}.Debug_Unity|x64.ActiveCfg = Debug|Any CPU
		{D88EA059-18ED-4438-9C4D-18C0C2C1332E}.Debug_Unity|x64.Build.0 = Debug|Any CPU
		{D88EA059-18ED-4438-9C4D-18C0C2C1332E}.Debug_Unity|x86.ActiveCfg = Debug|Any CPU
		{D88EA059-18ED-4438-9C4D-18C0C2C1332E}.Debug_Unity|x86.Build.0 = Debug|Any CPU
		{D88EA059-18ED-4438-9C4D-18C0C2C1332E}.Debug|Any CPU.ActiveCfg = Debug|Any CPU
		{D88EA059-18ED-4438-9C4D-18C0C2C1332E}.Debug|Any CPU.Build.0 = Debug|Any CPU
		{D88EA059-18ED-4438-9C4D-18C0C2C1332E}.Debug|x64.ActiveCfg = Debug|Any CPU
		{D88EA059-18ED-4438-9C4D-18C0C2C1332E}.Debug|x64.Build.0 = Debug|Any CPU
		{D88EA059-18ED-4438-9C4D-18C0C2C1332E}.Debug|x86.ActiveCfg = Debug|Any CPU
		{D88EA059-18ED-4438-9C4D-18C0C2C1332E}.Debug|x86.Build.0 = Debug|Any CPU
		{D88EA059-18ED-4438-9C4D-18C0C2C1332E}.Release|Any CPU.ActiveCfg = Release|Any CPU
		{D88EA059-18ED-4438-9C4D-18C0C2C1332E}.Release|Any CPU.Build.0 = Release|Any CPU
		{D88EA059-18ED-4438-9C4D-18C0C2C1332E}.Release|x64.ActiveCfg = Release|Any CPU
		{D88EA059-18ED-4438-9C4D-18C0C2C1332E}.Release|x64.Build.0 = Release|Any CPU
		{D88EA059-18ED-4438-9C4D-18C0C2C1332E}.Release|x86.ActiveCfg = Release|Any CPU
		{D88EA059-18ED-4438-9C4D-18C0C2C1332E}.Release|x86.Build.0 = Release|Any CPU
		{569CB6DD-EAF1-48E9-A7C9-78ADE4D8EFC9}.Debug_Unity|Any CPU.ActiveCfg = Debug|Any CPU
		{569CB6DD-EAF1-48E9-A7C9-78ADE4D8EFC9}.Debug_Unity|Any CPU.Build.0 = Debug|Any CPU
		{569CB6DD-EAF1-48E9-A7C9-78ADE4D8EFC9}.Debug_Unity|x64.ActiveCfg = Debug|Any CPU
		{569CB6DD-EAF1-48E9-A7C9-78ADE4D8EFC9}.Debug_Unity|x64.Build.0 = Debug|Any CPU
		{569CB6DD-EAF1-48E9-A7C9-78ADE4D8EFC9}.Debug_Unity|x86.ActiveCfg = Debug|Any CPU
		{569CB6DD-EAF1-48E9-A7C9-78ADE4D8EFC9}.Debug_Unity|x86.Build.0 = Debug|Any CPU
		{569CB6DD-EAF1-48E9-A7C9-78ADE4D8EFC9}.Debug|Any CPU.ActiveCfg = Debug|Any CPU
		{569CB6DD-EAF1-48E9-A7C9-78ADE4D8EFC9}.Debug|Any CPU.Build.0 = Debug|Any CPU
		{569CB6DD-EAF1-48E9-A7C9-78ADE4D8EFC9}.Debug|x64.ActiveCfg = Debug|Any CPU
		{569CB6DD-EAF1-48E9-A7C9-78ADE4D8EFC9}.Debug|x64.Build.0 = Debug|Any CPU
		{569CB6DD-EAF1-48E9-A7C9-78ADE4D8EFC9}.Debug|x86.ActiveCfg = Debug|Any CPU
		{569CB6DD-EAF1-48E9-A7C9-78ADE4D8EFC9}.Debug|x86.Build.0 = Debug|Any CPU
		{569CB6DD-EAF1-48E9-A7C9-78ADE4D8EFC9}.Release|Any CPU.ActiveCfg = Release|Any CPU
		{569CB6DD-EAF1-48E9-A7C9-78ADE4D8EFC9}.Release|Any CPU.Build.0 = Release|Any CPU
		{569CB6DD-EAF1-48E9-A7C9-78ADE4D8EFC9}.Release|x64.ActiveCfg = Release|Any CPU
		{569CB6DD-EAF1-48E9-A7C9-78ADE4D8EFC9}.Release|x64.Build.0 = Release|Any CPU
		{569CB6DD-EAF1-48E9-A7C9-78ADE4D8EFC9}.Release|x86.ActiveCfg = Release|Any CPU
		{569CB6DD-EAF1-48E9-A7C9-78ADE4D8EFC9}.Release|x86.Build.0 = Release|Any CPU
		{D4BA307A-8357-4BCF-97EA-0280C928A465}.Debug_Unity|Any CPU.ActiveCfg = Debug|Any CPU
		{D4BA307A-8357-4BCF-97EA-0280C928A465}.Debug_Unity|Any CPU.Build.0 = Debug|Any CPU
		{D4BA307A-8357-4BCF-97EA-0280C928A465}.Debug_Unity|x64.ActiveCfg = Debug|Any CPU
		{D4BA307A-8357-4BCF-97EA-0280C928A465}.Debug_Unity|x64.Build.0 = Debug|Any CPU
		{D4BA307A-8357-4BCF-97EA-0280C928A465}.Debug_Unity|x86.ActiveCfg = Debug|Any CPU
		{D4BA307A-8357-4BCF-97EA-0280C928A465}.Debug_Unity|x86.Build.0 = Debug|Any CPU
		{D4BA307A-8357-4BCF-97EA-0280C928A465}.Debug|Any CPU.ActiveCfg = Debug|Any CPU
		{D4BA307A-8357-4BCF-97EA-0280C928A465}.Debug|Any CPU.Build.0 = Debug|Any CPU
		{D4BA307A-8357-4BCF-97EA-0280C928A465}.Debug|x64.ActiveCfg = Debug|Any CPU
		{D4BA307A-8357-4BCF-97EA-0280C928A465}.Debug|x64.Build.0 = Debug|Any CPU
		{D4BA307A-8357-4BCF-97EA-0280C928A465}.Debug|x86.ActiveCfg = Debug|Any CPU
		{D4BA307A-8357-4BCF-97EA-0280C928A465}.Debug|x86.Build.0 = Debug|Any CPU
		{D4BA307A-8357-4BCF-97EA-0280C928A465}.Release|Any CPU.ActiveCfg = Release|Any CPU
		{D4BA307A-8357-4BCF-97EA-0280C928A465}.Release|Any CPU.Build.0 = Release|Any CPU
		{D4BA307A-8357-4BCF-97EA-0280C928A465}.Release|x64.ActiveCfg = Release|Any CPU
		{D4BA307A-8357-4BCF-97EA-0280C928A465}.Release|x64.Build.0 = Release|Any CPU
		{D4BA307A-8357-4BCF-97EA-0280C928A465}.Release|x86.ActiveCfg = Release|Any CPU
		{D4BA307A-8357-4BCF-97EA-0280C928A465}.Release|x86.Build.0 = Release|Any CPU
		{AEF50CF3-1501-4D1F-BDC6-F1D639724EF8}.Debug_Unity|Any CPU.ActiveCfg = Debug|Any CPU
		{AEF50CF3-1501-4D1F-BDC6-F1D639724EF8}.Debug_Unity|Any CPU.Build.0 = Debug|Any CPU
		{AEF50CF3-1501-4D1F-BDC6-F1D639724EF8}.Debug_Unity|x64.ActiveCfg = Debug|Any CPU
		{AEF50CF3-1501-4D1F-BDC6-F1D639724EF8}.Debug_Unity|x64.Build.0 = Debug|Any CPU
		{AEF50CF3-1501-4D1F-BDC6-F1D639724EF8}.Debug_Unity|x86.ActiveCfg = Debug|Any CPU
		{AEF50CF3-1501-4D1F-BDC6-F1D639724EF8}.Debug_Unity|x86.Build.0 = Debug|Any CPU
		{AEF50CF3-1501-4D1F-BDC6-F1D639724EF8}.Debug|Any CPU.ActiveCfg = Debug|Any CPU
		{AEF50CF3-1501-4D1F-BDC6-F1D639724EF8}.Debug|Any CPU.Build.0 = Debug|Any CPU
		{AEF50CF3-1501-4D1F-BDC6-F1D639724EF8}.Debug|x64.ActiveCfg = Debug|Any CPU
		{AEF50CF3-1501-4D1F-BDC6-F1D639724EF8}.Debug|x64.Build.0 = Debug|Any CPU
		{AEF50CF3-1501-4D1F-BDC6-F1D639724EF8}.Debug|x86.ActiveCfg = Debug|Any CPU
		{AEF50CF3-1501-4D1F-BDC6-F1D639724EF8}.Debug|x86.Build.0 = Debug|Any CPU
		{AEF50CF3-1501-4D1F-BDC6-F1D639724EF8}.Release|Any CPU.ActiveCfg = Release|Any CPU
		{AEF50CF3-1501-4D1F-BDC6-F1D639724EF8}.Release|Any CPU.Build.0 = Release|Any CPU
		{AEF50CF3-1501-4D1F-BDC6-F1D639724EF8}.Release|x64.ActiveCfg = Release|Any CPU
		{AEF50CF3-1501-4D1F-BDC6-F1D639724EF8}.Release|x64.Build.0 = Release|Any CPU
		{AEF50CF3-1501-4D1F-BDC6-F1D639724EF8}.Release|x86.ActiveCfg = Release|Any CPU
		{AEF50CF3-1501-4D1F-BDC6-F1D639724EF8}.Release|x86.Build.0 = Release|Any CPU
		{FEFE7D09-9BE6-413B-8B77-C685F7D91C3A}.Debug_Unity|Any CPU.ActiveCfg = Debug|Any CPU
		{FEFE7D09-9BE6-413B-8B77-C685F7D91C3A}.Debug_Unity|Any CPU.Build.0 = Debug|Any CPU
		{FEFE7D09-9BE6-413B-8B77-C685F7D91C3A}.Debug_Unity|x64.ActiveCfg = Debug|Any CPU
		{FEFE7D09-9BE6-413B-8B77-C685F7D91C3A}.Debug_Unity|x64.Build.0 = Debug|Any CPU
		{FEFE7D09-9BE6-413B-8B77-C685F7D91C3A}.Debug_Unity|x86.ActiveCfg = Debug|Any CPU
		{FEFE7D09-9BE6-413B-8B77-C685F7D91C3A}.Debug_Unity|x86.Build.0 = Debug|Any CPU
		{FEFE7D09-9BE6-413B-8B77-C685F7D91C3A}.Debug|Any CPU.ActiveCfg = Debug|Any CPU
		{FEFE7D09-9BE6-413B-8B77-C685F7D91C3A}.Debug|Any CPU.Build.0 = Debug|Any CPU
		{FEFE7D09-9BE6-413B-8B77-C685F7D91C3A}.Debug|x64.ActiveCfg = Debug|Any CPU
		{FEFE7D09-9BE6-413B-8B77-C685F7D91C3A}.Debug|x64.Build.0 = Debug|Any CPU
		{FEFE7D09-9BE6-413B-8B77-C685F7D91C3A}.Debug|x86.ActiveCfg = Debug|Any CPU
		{FEFE7D09-9BE6-413B-8B77-C685F7D91C3A}.Debug|x86.Build.0 = Debug|Any CPU
		{FEFE7D09-9BE6-413B-8B77-C685F7D91C3A}.Release|Any CPU.ActiveCfg = Release|Any CPU
		{FEFE7D09-9BE6-413B-8B77-C685F7D91C3A}.Release|Any CPU.Build.0 = Release|Any CPU
		{FEFE7D09-9BE6-413B-8B77-C685F7D91C3A}.Release|x64.ActiveCfg = Release|Any CPU
		{FEFE7D09-9BE6-413B-8B77-C685F7D91C3A}.Release|x64.Build.0 = Release|Any CPU
		{FEFE7D09-9BE6-413B-8B77-C685F7D91C3A}.Release|x86.ActiveCfg = Release|Any CPU
		{FEFE7D09-9BE6-413B-8B77-C685F7D91C3A}.Release|x86.Build.0 = Release|Any CPU
	EndGlobalSection
	GlobalSection(SolutionProperties) = preSolution
		HideSolutionNode = FALSE
	EndGlobalSection
	GlobalSection(NestedProjects) = preSolution
		{FCAD645E-FFC9-4536-B4BE-CF42760E5415} = {19F6EF38-62EC-462B-9C9C-1ABB5A4A93E0}
		{D88EA059-18ED-4438-9C4D-18C0C2C1332E} = {19F6EF38-62EC-462B-9C9C-1ABB5A4A93E0}
		{569CB6DD-EAF1-48E9-A7C9-78ADE4D8EFC9} = {19F6EF38-62EC-462B-9C9C-1ABB5A4A93E0}
		{D4BA307A-8357-4BCF-97EA-0280C928A465} = {19F6EF38-62EC-462B-9C9C-1ABB5A4A93E0}
		{AEF50CF3-1501-4D1F-BDC6-F1D639724EF8} = {A8040A36-EB47-4D6D-A83B-EE5CC3D6E0AD}
		{FEFE7D09-9BE6-413B-8B77-C685F7D91C3A} = {19F6EF38-62EC-462B-9C9C-1ABB5A4A93E0}
	EndGlobalSection
	GlobalSection(ExtensibilityGlobals) = postSolution
		SolutionGuid = {36D9B1A6-F626-4110-BCCC-C2E5852AC7A5}
	EndGlobalSection
EndGlobal
