
Microsoft Visual Studio Solution File, Format Version 12.00
# Visual Studio Version 16
VisualStudioVersion = 16.0.29006.145
MinimumVisualStudioVersion = 15.0.26124.0
Project("{2150E333-8FDC-42A3-9474-1A3956D46DE8}") = "Lib", "Lib", "{036E7E9A-A1F7-460E-8018-783CADBDE333}"
EndProject
Project("{2150E333-8FDC-42A3-9474-1A3956D46DE8}") = "Solution Items", "Solution Items", "{17DA2C1E-F434-4174-9361-FA8FCBB333CF}"
	ProjectSection(SolutionItems) = preProject
		build-and-run.ps1 = build-and-run.ps1
		publish-to-frontend.cmd = publish-to-frontend.cmd
		Tools\Resolve-MSBuild.ps1 = Tools\Resolve-MSBuild.ps1
	EndProjectSection
EndProject
Project("{9A19103F-16F7-4668-BE54-9A1E7A4F7556}") = "Regulus.Utility", "..\theirs\Regulus\Regulus.Utility\Regulus.Utility.csproj", "{D7863013-5F38-466C-A07C-8DF1F160083D}"
EndProject
Project("{9A19103F-16F7-4668-BE54-9A1E7A4F7556}") = "Regulus.Remote", "..\theirs\Regulus\Regulus.Remote\Regulus.Remote.csproj", "{CEA919BB-226B-4B49-91D3-DD64817D7C48}"
EndProject
Project("{9A19103F-16F7-4668-BE54-9A1E7A4F7556}") = "Regulus.Network", "..\theirs\Regulus\Regulus.Network\Regulus.Network.csproj", "{C6E66B75-B4E8-474E-BDD5-FDFFF183B014}"
EndProject
Project("{9A19103F-16F7-4668-BE54-9A1E7A4F7556}") = "Regulus.Remote.Soul", "..\theirs\Regulus\Regulus.Remote.Soul\Regulus.Remote.Soul.csproj", "{89959C2A-4B6C-46C8-ADEE-7D1C454CFA88}"
EndProject
Project("{9A19103F-16F7-4668-BE54-9A1E7A4F7556}") = "Regulus.Remote.Ghost", "..\theirs\Regulus\Regulus.Remote.Ghost\Regulus.Remote.Ghost.csproj", "{B857A172-9786-475C-9A1E-CD4D1E779AAE}"
EndProject
Project("{9A19103F-16F7-4668-BE54-9A1E7A4F7556}") = "Tennis1.Common", "Tennis1.Common\Tennis1.Common.csproj", "{FCAD645E-FFC9-4536-B4BE-CF42760E5415}"
EndProject
Project("{9A19103F-16F7-4668-BE54-9A1E7A4F7556}") = "Tennis1.Game", "Tennis1.Game\Tennis1.Game.csproj", "{D88EA059-18ED-4438-9C4D-18C0C2C1332E}"
EndProject
Project("{9A19103F-16F7-4668-BE54-9A1E7A4F7556}") = "Tennis1.User", "Tennis1.User\Tennis1.User.csproj", "{569CB6DD-EAF1-48E9-A7C9-78ADE4D8EFC9}"
EndProject
Project("{9A19103F-16F7-4668-BE54-9A1E7A4F7556}") = "Regulus.Remote.Standalone", "..\theirs\Regulus\Regulus.Remote.Standalone\Regulus.Remote.Standalone.csproj", "{A2F82518-6882-4970-8FB3-42330810F63F}"
EndProject
Project("{9A19103F-16F7-4668-BE54-9A1E7A4F7556}") = "Regulus.Remote.Protocol", "..\theirs\Regulus\Regulus.Remote.Protocol\Regulus.Remote.Protocol.csproj", "{1E393B3E-57EC-4952-B8DD-B4E187AA7A2E}"
EndProject
Project("{9A19103F-16F7-4668-BE54-9A1E7A4F7556}") = "Regulus.Serialization", "..\theirs\Regulus\Regulus.Serialization\Regulus.Serialization.csproj", "{3A6ABEF0-8323-483E-BFD9-B10D0077171E}"
EndProject
Project("{2150E333-8FDC-42A3-9474-1A3956D46DE8}") = "Project", "Project", "{19F6EF38-62EC-462B-9C9C-1ABB5A4A93E0}"
EndProject
Project("{2150E333-8FDC-42A3-9474-1A3956D46DE8}") = "Test", "Test", "{A8040A36-EB47-4D6D-A83B-EE5CC3D6E0AD}"
EndProject
Project("{9A19103F-16F7-4668-BE54-9A1E7A4F7556}") = "Tenneis1.Game.Test", "Tenneis1.Game.Test\Tenneis1.Game.Test.csproj", "{C9375ED5-11A1-45B3-B6F7-FE68D922FB07}"
EndProject
Project("{9A19103F-16F7-4668-BE54-9A1E7A4F7556}") = "Regulus.Remote.Client", "..\theirs\Regulus\Regulus.Remote.Client\Regulus.Remote.Client.csproj", "{0C3619D2-3401-4552-9BB1-13F41D291CAF}"
EndProject
Global
	GlobalSection(SolutionConfigurationPlatforms) = preSolution
		Debug_Unity|Any CPU = Debug_Unity|Any CPU
		Debug_Unity|x64 = Debug_Unity|x64
		Debug_Unity|x86 = Debug_Unity|x86
		Debug|Any CPU = Debug|Any CPU
		Debug|x64 = Debug|x64
		Debug|x86 = Debug|x86
		Release|Any CPU = Release|Any CPU
		Release|x64 = Release|x64
		Release|x86 = Release|x86
	EndGlobalSection
	GlobalSection(ProjectConfigurationPlatforms) = postSolution
		{D7863013-5F38-466C-A07C-8DF1F160083D}.Debug_Unity|Any CPU.ActiveCfg = Debug|Any CPU
		{D7863013-5F38-466C-A07C-8DF1F160083D}.Debug_Unity|Any CPU.Build.0 = Debug|Any CPU
		{D7863013-5F38-466C-A07C-8DF1F160083D}.Debug_Unity|x64.ActiveCfg = Debug|Any CPU
		{D7863013-5F38-466C-A07C-8DF1F160083D}.Debug_Unity|x64.Build.0 = Debug|Any CPU
		{D7863013-5F38-466C-A07C-8DF1F160083D}.Debug_Unity|x86.ActiveCfg = Debug|Any CPU
		{D7863013-5F38-466C-A07C-8DF1F160083D}.Debug_Unity|x86.Build.0 = Debug|Any CPU
		{D7863013-5F38-466C-A07C-8DF1F160083D}.Debug|Any CPU.ActiveCfg = Debug|Any CPU
		{D7863013-5F38-466C-A07C-8DF1F160083D}.Debug|Any CPU.Build.0 = Debug|Any CPU
		{D7863013-5F38-466C-A07C-8DF1F160083D}.Debug|x64.ActiveCfg = Debug|Any CPU
		{D7863013-5F38-466C-A07C-8DF1F160083D}.Debug|x64.Build.0 = Debug|Any CPU
		{D7863013-5F38-466C-A07C-8DF1F160083D}.Debug|x86.ActiveCfg = Debug|Any CPU
		{D7863013-5F38-466C-A07C-8DF1F160083D}.Debug|x86.Build.0 = Debug|Any CPU
		{D7863013-5F38-466C-A07C-8DF1F160083D}.Release|Any CPU.ActiveCfg = Release|Any CPU
		{D7863013-5F38-466C-A07C-8DF1F160083D}.Release|Any CPU.Build.0 = Release|Any CPU
		{D7863013-5F38-466C-A07C-8DF1F160083D}.Release|x64.ActiveCfg = Release|Any CPU
		{D7863013-5F38-466C-A07C-8DF1F160083D}.Release|x64.Build.0 = Release|Any CPU
		{D7863013-5F38-466C-A07C-8DF1F160083D}.Release|x86.ActiveCfg = Release|Any CPU
		{D7863013-5F38-466C-A07C-8DF1F160083D}.Release|x86.Build.0 = Release|Any CPU
		{CEA919BB-226B-4B49-91D3-DD64817D7C48}.Debug_Unity|Any CPU.ActiveCfg = Debug|Any CPU
		{CEA919BB-226B-4B49-91D3-DD64817D7C48}.Debug_Unity|Any CPU.Build.0 = Debug|Any CPU
		{CEA919BB-226B-4B49-91D3-DD64817D7C48}.Debug_Unity|x64.ActiveCfg = Debug|Any CPU
		{CEA919BB-226B-4B49-91D3-DD64817D7C48}.Debug_Unity|x64.Build.0 = Debug|Any CPU
		{CEA919BB-226B-4B49-91D3-DD64817D7C48}.Debug_Unity|x86.ActiveCfg = Debug|Any CPU
		{CEA919BB-226B-4B49-91D3-DD64817D7C48}.Debug_Unity|x86.Build.0 = Debug|Any CPU
		{CEA919BB-226B-4B49-91D3-DD64817D7C48}.Debug|Any CPU.ActiveCfg = Debug|Any CPU
		{CEA919BB-226B-4B49-91D3-DD64817D7C48}.Debug|Any CPU.Build.0 = Debug|Any CPU
		{CEA919BB-226B-4B49-91D3-DD64817D7C48}.Debug|x64.ActiveCfg = Debug|Any CPU
		{CEA919BB-226B-4B49-91D3-DD64817D7C48}.Debug|x64.Build.0 = Debug|Any CPU
		{CEA919BB-226B-4B49-91D3-DD64817D7C48}.Debug|x86.ActiveCfg = Debug|Any CPU
		{CEA919BB-226B-4B49-91D3-DD64817D7C48}.Debug|x86.Build.0 = Debug|Any CPU
		{CEA919BB-226B-4B49-91D3-DD64817D7C48}.Release|Any CPU.ActiveCfg = Release|Any CPU
		{CEA919BB-226B-4B49-91D3-DD64817D7C48}.Release|Any CPU.Build.0 = Release|Any CPU
		{CEA919BB-226B-4B49-91D3-DD64817D7C48}.Release|x64.ActiveCfg = Release|Any CPU
		{CEA919BB-226B-4B49-91D3-DD64817D7C48}.Release|x64.Build.0 = Release|Any CPU
		{CEA919BB-226B-4B49-91D3-DD64817D7C48}.Release|x86.ActiveCfg = Release|Any CPU
		{CEA919BB-226B-4B49-91D3-DD64817D7C48}.Release|x86.Build.0 = Release|Any CPU
		{C6E66B75-B4E8-474E-BDD5-FDFFF183B014}.Debug_Unity|Any CPU.ActiveCfg = Debug|Any CPU
		{C6E66B75-B4E8-474E-BDD5-FDFFF183B014}.Debug_Unity|Any CPU.Build.0 = Debug|Any CPU
		{C6E66B75-B4E8-474E-BDD5-FDFFF183B014}.Debug_Unity|x64.ActiveCfg = Debug|Any CPU
		{C6E66B75-B4E8-474E-BDD5-FDFFF183B014}.Debug_Unity|x64.Build.0 = Debug|Any CPU
		{C6E66B75-B4E8-474E-BDD5-FDFFF183B014}.Debug_Unity|x86.ActiveCfg = Debug|Any CPU
		{C6E66B75-B4E8-474E-BDD5-FDFFF183B014}.Debug_Unity|x86.Build.0 = Debug|Any CPU
		{C6E66B75-B4E8-474E-BDD5-FDFFF183B014}.Debug|Any CPU.ActiveCfg = Debug|Any CPU
		{C6E66B75-B4E8-474E-BDD5-FDFFF183B014}.Debug|Any CPU.Build.0 = Debug|Any CPU
		{C6E66B75-B4E8-474E-BDD5-FDFFF183B014}.Debug|x64.ActiveCfg = Debug|Any CPU
		{C6E66B75-B4E8-474E-BDD5-FDFFF183B014}.Debug|x64.Build.0 = Debug|Any CPU
		{C6E66B75-B4E8-474E-BDD5-FDFFF183B014}.Debug|x86.ActiveCfg = Debug|Any CPU
		{C6E66B75-B4E8-474E-BDD5-FDFFF183B014}.Debug|x86.Build.0 = Debug|Any CPU
		{C6E66B75-B4E8-474E-BDD5-FDFFF183B014}.Release|Any CPU.ActiveCfg = Release|Any CPU
		{C6E66B75-B4E8-474E-BDD5-FDFFF183B014}.Release|Any CPU.Build.0 = Release|Any CPU
		{C6E66B75-B4E8-474E-BDD5-FDFFF183B014}.Release|x64.ActiveCfg = Release|Any CPU
		{C6E66B75-B4E8-474E-BDD5-FDFFF183B014}.Release|x64.Build.0 = Release|Any CPU
		{C6E66B75-B4E8-474E-BDD5-FDFFF183B014}.Release|x86.ActiveCfg = Release|Any CPU
		{C6E66B75-B4E8-474E-BDD5-FDFFF183B014}.Release|x86.Build.0 = Release|Any CPU
		{89959C2A-4B6C-46C8-ADEE-7D1C454CFA88}.Debug_Unity|Any CPU.ActiveCfg = Debug|Any CPU
		{89959C2A-4B6C-46C8-ADEE-7D1C454CFA88}.Debug_Unity|Any CPU.Build.0 = Debug|Any CPU
		{89959C2A-4B6C-46C8-ADEE-7D1C454CFA88}.Debug_Unity|x64.ActiveCfg = Debug|Any CPU
		{89959C2A-4B6C-46C8-ADEE-7D1C454CFA88}.Debug_Unity|x64.Build.0 = Debug|Any CPU
		{89959C2A-4B6C-46C8-ADEE-7D1C454CFA88}.Debug_Unity|x86.ActiveCfg = Debug|Any CPU
		{89959C2A-4B6C-46C8-ADEE-7D1C454CFA88}.Debug_Unity|x86.Build.0 = Debug|Any CPU
		{89959C2A-4B6C-46C8-ADEE-7D1C454CFA88}.Debug|Any CPU.ActiveCfg = Debug|Any CPU
		{89959C2A-4B6C-46C8-ADEE-7D1C454CFA88}.Debug|Any CPU.Build.0 = Debug|Any CPU
		{89959C2A-4B6C-46C8-ADEE-7D1C454CFA88}.Debug|x64.ActiveCfg = Debug|Any CPU
		{89959C2A-4B6C-46C8-ADEE-7D1C454CFA88}.Debug|x64.Build.0 = Debug|Any CPU
		{89959C2A-4B6C-46C8-ADEE-7D1C454CFA88}.Debug|x86.ActiveCfg = Debug|Any CPU
		{89959C2A-4B6C-46C8-ADEE-7D1C454CFA88}.Debug|x86.Build.0 = Debug|Any CPU
		{89959C2A-4B6C-46C8-ADEE-7D1C454CFA88}.Release|Any CPU.ActiveCfg = Release|Any CPU
		{89959C2A-4B6C-46C8-ADEE-7D1C454CFA88}.Release|Any CPU.Build.0 = Release|Any CPU
		{89959C2A-4B6C-46C8-ADEE-7D1C454CFA88}.Release|x64.ActiveCfg = Release|Any CPU
		{89959C2A-4B6C-46C8-ADEE-7D1C454CFA88}.Release|x64.Build.0 = Release|Any CPU
		{89959C2A-4B6C-46C8-ADEE-7D1C454CFA88}.Release|x86.ActiveCfg = Release|Any CPU
		{89959C2A-4B6C-46C8-ADEE-7D1C454CFA88}.Release|x86.Build.0 = Release|Any CPU
		{B857A172-9786-475C-9A1E-CD4D1E779AAE}.Debug_Unity|Any CPU.ActiveCfg = Debug|Any CPU
		{B857A172-9786-475C-9A1E-CD4D1E779AAE}.Debug_Unity|Any CPU.Build.0 = Debug|Any CPU
		{B857A172-9786-475C-9A1E-CD4D1E779AAE}.Debug_Unity|x64.ActiveCfg = Debug|Any CPU
		{B857A172-9786-475C-9A1E-CD4D1E779AAE}.Debug_Unity|x64.Build.0 = Debug|Any CPU
		{B857A172-9786-475C-9A1E-CD4D1E779AAE}.Debug_Unity|x86.ActiveCfg = Debug|Any CPU
		{B857A172-9786-475C-9A1E-CD4D1E779AAE}.Debug_Unity|x86.Build.0 = Debug|Any CPU
		{B857A172-9786-475C-9A1E-CD4D1E779AAE}.Debug|Any CPU.ActiveCfg = Debug|Any CPU
		{B857A172-9786-475C-9A1E-CD4D1E779AAE}.Debug|Any CPU.Build.0 = Debug|Any CPU
		{B857A172-9786-475C-9A1E-CD4D1E779AAE}.Debug|x64.ActiveCfg = Debug|Any CPU
		{B857A172-9786-475C-9A1E-CD4D1E779AAE}.Debug|x64.Build.0 = Debug|Any CPU
		{B857A172-9786-475C-9A1E-CD4D1E779AAE}.Debug|x86.ActiveCfg = Debug|Any CPU
		{B857A172-9786-475C-9A1E-CD4D1E779AAE}.Debug|x86.Build.0 = Debug|Any CPU
		{B857A172-9786-475C-9A1E-CD4D1E779AAE}.Release|Any CPU.ActiveCfg = Release|Any CPU
		{B857A172-9786-475C-9A1E-CD4D1E779AAE}.Release|Any CPU.Build.0 = Release|Any CPU
		{B857A172-9786-475C-9A1E-CD4D1E779AAE}.Release|x64.ActiveCfg = Release|Any CPU
		{B857A172-9786-475C-9A1E-CD4D1E779AAE}.Release|x64.Build.0 = Release|Any CPU
		{B857A172-9786-475C-9A1E-CD4D1E779AAE}.Release|x86.ActiveCfg = Release|Any CPU
		{B857A172-9786-475C-9A1E-CD4D1E779AAE}.Release|x86.Build.0 = Release|Any CPU
		{FCAD645E-FFC9-4536-B4BE-CF42760E5415}.Debug_Unity|Any CPU.ActiveCfg = Debug|Any CPU
		{FCAD645E-FFC9-4536-B4BE-CF42760E5415}.Debug_Unity|Any CPU.Build.0 = Debug|Any CPU
		{FCAD645E-FFC9-4536-B4BE-CF42760E5415}.Debug_Unity|x64.ActiveCfg = Debug|Any CPU
		{FCAD645E-FFC9-4536-B4BE-CF42760E5415}.Debug_Unity|x64.Build.0 = Debug|Any CPU
		{FCAD645E-FFC9-4536-B4BE-CF42760E5415}.Debug_Unity|x86.ActiveCfg = Debug|Any CPU
		{FCAD645E-FFC9-4536-B4BE-CF42760E5415}.Debug_Unity|x86.Build.0 = Debug|Any CPU
		{FCAD645E-FFC9-4536-B4BE-CF42760E5415}.Debug|Any CPU.ActiveCfg = Debug|Any CPU
		{FCAD645E-FFC9-4536-B4BE-CF42760E5415}.Debug|Any CPU.Build.0 = Debug|Any CPU
		{FCAD645E-FFC9-4536-B4BE-CF42760E5415}.Debug|x64.ActiveCfg = Debug|Any CPU
		{FCAD645E-FFC9-4536-B4BE-CF42760E5415}.Debug|x64.Build.0 = Debug|Any CPU
		{FCAD645E-FFC9-4536-B4BE-CF42760E5415}.Debug|x86.ActiveCfg = Debug|Any CPU
		{FCAD645E-FFC9-4536-B4BE-CF42760E5415}.Debug|x86.Build.0 = Debug|Any CPU
		{FCAD645E-FFC9-4536-B4BE-CF42760E5415}.Release|Any CPU.ActiveCfg = Release|Any CPU
		{FCAD645E-FFC9-4536-B4BE-CF42760E5415}.Release|Any CPU.Build.0 = Release|Any CPU
		{FCAD645E-FFC9-4536-B4BE-CF42760E5415}.Release|x64.ActiveCfg = Release|Any CPU
		{FCAD645E-FFC9-4536-B4BE-CF42760E5415}.Release|x64.Build.0 = Release|Any CPU
		{FCAD645E-FFC9-4536-B4BE-CF42760E5415}.Release|x86.ActiveCfg = Release|Any CPU
		{FCAD645E-FFC9-4536-B4BE-CF42760E5415}.Release|x86.Build.0 = Release|Any CPU
		{D88EA059-18ED-4438-9C4D-18C0C2C1332E}.Debug_Unity|Any CPU.ActiveCfg = Debug|Any CPU
		{D88EA059-18ED-4438-9C4D-18C0C2C1332E}.Debug_Unity|Any CPU.Build.0 = Debug|Any CPU
		{D88EA059-18ED-4438-9C4D-18C0C2C1332E}.Debug_Unity|x64.ActiveCfg = Debug|Any CPU
		{D88EA059-18ED-4438-9C4D-18C0C2C1332E}.Debug_Unity|x64.Build.0 = Debug|Any CPU
		{D88EA059-18ED-4438-9C4D-18C0C2C1332E}.Debug_Unity|x86.ActiveCfg = Debug|Any CPU
		{D88EA059-18ED-4438-9C4D-18C0C2C1332E}.Debug_Unity|x86.Build.0 = Debug|Any CPU
		{D88EA059-18ED-4438-9C4D-18C0C2C1332E}.Debug|Any CPU.ActiveCfg = Debug|Any CPU
		{D88EA059-18ED-4438-9C4D-18C0C2C1332E}.Debug|Any CPU.Build.0 = Debug|Any CPU
		{D88EA059-18ED-4438-9C4D-18C0C2C1332E}.Debug|x64.ActiveCfg = Debug|Any CPU
		{D88EA059-18ED-4438-9C4D-18C0C2C1332E}.Debug|x64.Build.0 = Debug|Any CPU
		{D88EA059-18ED-4438-9C4D-18C0C2C1332E}.Debug|x86.ActiveCfg = Debug|Any CPU
		{D88EA059-18ED-4438-9C4D-18C0C2C1332E}.Debug|x86.Build.0 = Debug|Any CPU
		{D88EA059-18ED-4438-9C4D-18C0C2C1332E}.Release|Any CPU.ActiveCfg = Release|Any CPU
		{D88EA059-18ED-4438-9C4D-18C0C2C1332E}.Release|Any CPU.Build.0 = Release|Any CPU
		{D88EA059-18ED-4438-9C4D-18C0C2C1332E}.Release|x64.ActiveCfg = Release|Any CPU
		{D88EA059-18ED-4438-9C4D-18C0C2C1332E}.Release|x64.Build.0 = Release|Any CPU
		{D88EA059-18ED-4438-9C4D-18C0C2C1332E}.Release|x86.ActiveCfg = Release|Any CPU
		{D88EA059-18ED-4438-9C4D-18C0C2C1332E}.Release|x86.Build.0 = Release|Any CPU
		{569CB6DD-EAF1-48E9-A7C9-78ADE4D8EFC9}.Debug_Unity|Any CPU.ActiveCfg = Debug|Any CPU
		{569CB6DD-EAF1-48E9-A7C9-78ADE4D8EFC9}.Debug_Unity|Any CPU.Build.0 = Debug|Any CPU
		{569CB6DD-EAF1-48E9-A7C9-78ADE4D8EFC9}.Debug_Unity|x64.ActiveCfg = Debug|Any CPU
		{569CB6DD-EAF1-48E9-A7C9-78ADE4D8EFC9}.Debug_Unity|x64.Build.0 = Debug|Any CPU
		{569CB6DD-EAF1-48E9-A7C9-78ADE4D8EFC9}.Debug_Unity|x86.ActiveCfg = Debug|Any CPU
		{569CB6DD-EAF1-48E9-A7C9-78ADE4D8EFC9}.Debug_Unity|x86.Build.0 = Debug|Any CPU
		{569CB6DD-EAF1-48E9-A7C9-78ADE4D8EFC9}.Debug|Any CPU.ActiveCfg = Debug|Any CPU
		{569CB6DD-EAF1-48E9-A7C9-78ADE4D8EFC9}.Debug|Any CPU.Build.0 = Debug|Any CPU
		{569CB6DD-EAF1-48E9-A7C9-78ADE4D8EFC9}.Debug|x64.ActiveCfg = Debug|Any CPU
		{569CB6DD-EAF1-48E9-A7C9-78ADE4D8EFC9}.Debug|x64.Build.0 = Debug|Any CPU
		{569CB6DD-EAF1-48E9-A7C9-78ADE4D8EFC9}.Debug|x86.ActiveCfg = Debug|Any CPU
		{569CB6DD-EAF1-48E9-A7C9-78ADE4D8EFC9}.Debug|x86.Build.0 = Debug|Any CPU
		{569CB6DD-EAF1-48E9-A7C9-78ADE4D8EFC9}.Release|Any CPU.ActiveCfg = Release|Any CPU
		{569CB6DD-EAF1-48E9-A7C9-78ADE4D8EFC9}.Release|Any CPU.Build.0 = Release|Any CPU
		{569CB6DD-EAF1-48E9-A7C9-78ADE4D8EFC9}.Release|x64.ActiveCfg = Release|Any CPU
		{569CB6DD-EAF1-48E9-A7C9-78ADE4D8EFC9}.Release|x64.Build.0 = Release|Any CPU
		{569CB6DD-EAF1-48E9-A7C9-78ADE4D8EFC9}.Release|x86.ActiveCfg = Release|Any CPU
		{569CB6DD-EAF1-48E9-A7C9-78ADE4D8EFC9}.Release|x86.Build.0 = Release|Any CPU
		{A2F82518-6882-4970-8FB3-42330810F63F}.Debug_Unity|Any CPU.ActiveCfg = Debug|Any CPU
		{A2F82518-6882-4970-8FB3-42330810F63F}.Debug_Unity|Any CPU.Build.0 = Debug|Any CPU
		{A2F82518-6882-4970-8FB3-42330810F63F}.Debug_Unity|x64.ActiveCfg = Debug|Any CPU
		{A2F82518-6882-4970-8FB3-42330810F63F}.Debug_Unity|x64.Build.0 = Debug|Any CPU
		{A2F82518-6882-4970-8FB3-42330810F63F}.Debug_Unity|x86.ActiveCfg = Debug|Any CPU
		{A2F82518-6882-4970-8FB3-42330810F63F}.Debug_Unity|x86.Build.0 = Debug|Any CPU
		{A2F82518-6882-4970-8FB3-42330810F63F}.Debug|Any CPU.ActiveCfg = Debug|Any CPU
		{A2F82518-6882-4970-8FB3-42330810F63F}.Debug|Any CPU.Build.0 = Debug|Any CPU
		{A2F82518-6882-4970-8FB3-42330810F63F}.Debug|x64.ActiveCfg = Debug|Any CPU
		{A2F82518-6882-4970-8FB3-42330810F63F}.Debug|x64.Build.0 = Debug|Any CPU
		{A2F82518-6882-4970-8FB3-42330810F63F}.Debug|x86.ActiveCfg = Debug|Any CPU
		{A2F82518-6882-4970-8FB3-42330810F63F}.Debug|x86.Build.0 = Debug|Any CPU
		{A2F82518-6882-4970-8FB3-42330810F63F}.Release|Any CPU.ActiveCfg = Release|Any CPU
		{A2F82518-6882-4970-8FB3-42330810F63F}.Release|Any CPU.Build.0 = Release|Any CPU
		{A2F82518-6882-4970-8FB3-42330810F63F}.Release|x64.ActiveCfg = Release|Any CPU
		{A2F82518-6882-4970-8FB3-42330810F63F}.Release|x64.Build.0 = Release|Any CPU
		{A2F82518-6882-4970-8FB3-42330810F63F}.Release|x86.ActiveCfg = Release|Any CPU
		{A2F82518-6882-4970-8FB3-42330810F63F}.Release|x86.Build.0 = Release|Any CPU
		{1E393B3E-57EC-4952-B8DD-B4E187AA7A2E}.Debug_Unity|Any CPU.ActiveCfg = Debug|Any CPU
		{1E393B3E-57EC-4952-B8DD-B4E187AA7A2E}.Debug_Unity|Any CPU.Build.0 = Debug|Any CPU
		{1E393B3E-57EC-4952-B8DD-B4E187AA7A2E}.Debug_Unity|x64.ActiveCfg = Debug|Any CPU
		{1E393B3E-57EC-4952-B8DD-B4E187AA7A2E}.Debug_Unity|x64.Build.0 = Debug|Any CPU
		{1E393B3E-57EC-4952-B8DD-B4E187AA7A2E}.Debug_Unity|x86.ActiveCfg = Debug|Any CPU
		{1E393B3E-57EC-4952-B8DD-B4E187AA7A2E}.Debug_Unity|x86.Build.0 = Debug|Any CPU
		{1E393B3E-57EC-4952-B8DD-B4E187AA7A2E}.Debug|Any CPU.ActiveCfg = Debug|Any CPU
		{1E393B3E-57EC-4952-B8DD-B4E187AA7A2E}.Debug|Any CPU.Build.0 = Debug|Any CPU
		{1E393B3E-57EC-4952-B8DD-B4E187AA7A2E}.Debug|x64.ActiveCfg = Debug|Any CPU
		{1E393B3E-57EC-4952-B8DD-B4E187AA7A2E}.Debug|x64.Build.0 = Debug|Any CPU
		{1E393B3E-57EC-4952-B8DD-B4E187AA7A2E}.Debug|x86.ActiveCfg = Debug|Any CPU
		{1E393B3E-57EC-4952-B8DD-B4E187AA7A2E}.Debug|x86.Build.0 = Debug|Any CPU
		{1E393B3E-57EC-4952-B8DD-B4E187AA7A2E}.Release|Any CPU.ActiveCfg = Release|Any CPU
		{1E393B3E-57EC-4952-B8DD-B4E187AA7A2E}.Release|Any CPU.Build.0 = Release|Any CPU
		{1E393B3E-57EC-4952-B8DD-B4E187AA7A2E}.Release|x64.ActiveCfg = Release|Any CPU
		{1E393B3E-57EC-4952-B8DD-B4E187AA7A2E}.Release|x64.Build.0 = Release|Any CPU
		{1E393B3E-57EC-4952-B8DD-B4E187AA7A2E}.Release|x86.ActiveCfg = Release|Any CPU
		{1E393B3E-57EC-4952-B8DD-B4E187AA7A2E}.Release|x86.Build.0 = Release|Any CPU
		{3A6ABEF0-8323-483E-BFD9-B10D0077171E}.Debug_Unity|Any CPU.ActiveCfg = Debug|Any CPU
		{3A6ABEF0-8323-483E-BFD9-B10D0077171E}.Debug_Unity|Any CPU.Build.0 = Debug|Any CPU
		{3A6ABEF0-8323-483E-BFD9-B10D0077171E}.Debug_Unity|x64.ActiveCfg = Debug|Any CPU
		{3A6ABEF0-8323-483E-BFD9-B10D0077171E}.Debug_Unity|x64.Build.0 = Debug|Any CPU
		{3A6ABEF0-8323-483E-BFD9-B10D0077171E}.Debug_Unity|x86.ActiveCfg = Debug|Any CPU
		{3A6ABEF0-8323-483E-BFD9-B10D0077171E}.Debug_Unity|x86.Build.0 = Debug|Any CPU
		{3A6ABEF0-8323-483E-BFD9-B10D0077171E}.Debug|Any CPU.ActiveCfg = Debug|Any CPU
		{3A6ABEF0-8323-483E-BFD9-B10D0077171E}.Debug|Any CPU.Build.0 = Debug|Any CPU
		{3A6ABEF0-8323-483E-BFD9-B10D0077171E}.Debug|x64.ActiveCfg = Debug|Any CPU
		{3A6ABEF0-8323-483E-BFD9-B10D0077171E}.Debug|x64.Build.0 = Debug|Any CPU
		{3A6ABEF0-8323-483E-BFD9-B10D0077171E}.Debug|x86.ActiveCfg = Debug|Any CPU
		{3A6ABEF0-8323-483E-BFD9-B10D0077171E}.Debug|x86.Build.0 = Debug|Any CPU
		{3A6ABEF0-8323-483E-BFD9-B10D0077171E}.Release|Any CPU.ActiveCfg = Release|Any CPU
		{3A6ABEF0-8323-483E-BFD9-B10D0077171E}.Release|Any CPU.Build.0 = Release|Any CPU
		{3A6ABEF0-8323-483E-BFD9-B10D0077171E}.Release|x64.ActiveCfg = Release|Any CPU
		{3A6ABEF0-8323-483E-BFD9-B10D0077171E}.Release|x64.Build.0 = Release|Any CPU
		{3A6ABEF0-8323-483E-BFD9-B10D0077171E}.Release|x86.ActiveCfg = Release|Any CPU
		{3A6ABEF0-8323-483E-BFD9-B10D0077171E}.Release|x86.Build.0 = Release|Any CPU
		{C9375ED5-11A1-45B3-B6F7-FE68D922FB07}.Debug_Unity|Any CPU.ActiveCfg = Debug|Any CPU
		{C9375ED5-11A1-45B3-B6F7-FE68D922FB07}.Debug_Unity|Any CPU.Build.0 = Debug|Any CPU
		{C9375ED5-11A1-45B3-B6F7-FE68D922FB07}.Debug_Unity|x64.ActiveCfg = Debug|Any CPU
		{C9375ED5-11A1-45B3-B6F7-FE68D922FB07}.Debug_Unity|x64.Build.0 = Debug|Any CPU
		{C9375ED5-11A1-45B3-B6F7-FE68D922FB07}.Debug_Unity|x86.ActiveCfg = Debug|Any CPU
		{C9375ED5-11A1-45B3-B6F7-FE68D922FB07}.Debug_Unity|x86.Build.0 = Debug|Any CPU
		{C9375ED5-11A1-45B3-B6F7-FE68D922FB07}.Debug|Any CPU.ActiveCfg = Debug|Any CPU
		{C9375ED5-11A1-45B3-B6F7-FE68D922FB07}.Debug|Any CPU.Build.0 = Debug|Any CPU
		{C9375ED5-11A1-45B3-B6F7-FE68D922FB07}.Debug|x64.ActiveCfg = Debug|Any CPU
		{C9375ED5-11A1-45B3-B6F7-FE68D922FB07}.Debug|x64.Build.0 = Debug|Any CPU
		{C9375ED5-11A1-45B3-B6F7-FE68D922FB07}.Debug|x86.ActiveCfg = Debug|Any CPU
		{C9375ED5-11A1-45B3-B6F7-FE68D922FB07}.Debug|x86.Build.0 = Debug|Any CPU
		{C9375ED5-11A1-45B3-B6F7-FE68D922FB07}.Release|Any CPU.ActiveCfg = Release|Any CPU
		{C9375ED5-11A1-45B3-B6F7-FE68D922FB07}.Release|Any CPU.Build.0 = Release|Any CPU
		{C9375ED5-11A1-45B3-B6F7-FE68D922FB07}.Release|x64.ActiveCfg = Release|Any CPU
		{C9375ED5-11A1-45B3-B6F7-FE68D922FB07}.Release|x64.Build.0 = Release|Any CPU
		{C9375ED5-11A1-45B3-B6F7-FE68D922FB07}.Release|x86.ActiveCfg = Release|Any CPU
		{C9375ED5-11A1-45B3-B6F7-FE68D922FB07}.Release|x86.Build.0 = Release|Any CPU
		{0C3619D2-3401-4552-9BB1-13F41D291CAF}.Debug_Unity|Any CPU.ActiveCfg = Debug|Any CPU
		{0C3619D2-3401-4552-9BB1-13F41D291CAF}.Debug_Unity|Any CPU.Build.0 = Debug|Any CPU
		{0C3619D2-3401-4552-9BB1-13F41D291CAF}.Debug_Unity|x64.ActiveCfg = Debug|Any CPU
		{0C3619D2-3401-4552-9BB1-13F41D291CAF}.Debug_Unity|x64.Build.0 = Debug|Any CPU
		{0C3619D2-3401-4552-9BB1-13F41D291CAF}.Debug_Unity|x86.ActiveCfg = Debug|Any CPU
		{0C3619D2-3401-4552-9BB1-13F41D291CAF}.Debug_Unity|x86.Build.0 = Debug|Any CPU
		{0C3619D2-3401-4552-9BB1-13F41D291CAF}.Debug|Any CPU.ActiveCfg = Debug|Any CPU
		{0C3619D2-3401-4552-9BB1-13F41D291CAF}.Debug|Any CPU.Build.0 = Debug|Any CPU
		{0C3619D2-3401-4552-9BB1-13F41D291CAF}.Debug|x64.ActiveCfg = Debug|Any CPU
		{0C3619D2-3401-4552-9BB1-13F41D291CAF}.Debug|x64.Build.0 = Debug|Any CPU
		{0C3619D2-3401-4552-9BB1-13F41D291CAF}.Debug|x86.ActiveCfg = Debug|Any CPU
		{0C3619D2-3401-4552-9BB1-13F41D291CAF}.Debug|x86.Build.0 = Debug|Any CPU
		{0C3619D2-3401-4552-9BB1-13F41D291CAF}.Release|Any CPU.ActiveCfg = Release|Any CPU
		{0C3619D2-3401-4552-9BB1-13F41D291CAF}.Release|Any CPU.Build.0 = Release|Any CPU
		{0C3619D2-3401-4552-9BB1-13F41D291CAF}.Release|x64.ActiveCfg = Release|Any CPU
		{0C3619D2-3401-4552-9BB1-13F41D291CAF}.Release|x64.Build.0 = Release|Any CPU
		{0C3619D2-3401-4552-9BB1-13F41D291CAF}.Release|x86.ActiveCfg = Release|Any CPU
		{0C3619D2-3401-4552-9BB1-13F41D291CAF}.Release|x86.Build.0 = Release|Any CPU
	EndGlobalSection
	GlobalSection(SolutionProperties) = preSolution
		HideSolutionNode = FALSE
	EndGlobalSection
	GlobalSection(NestedProjects) = preSolution
		{D7863013-5F38-466C-A07C-8DF1F160083D} = {036E7E9A-A1F7-460E-8018-783CADBDE333}
		{CEA919BB-226B-4B49-91D3-DD64817D7C48} = {036E7E9A-A1F7-460E-8018-783CADBDE333}
		{C6E66B75-B4E8-474E-BDD5-FDFFF183B014} = {036E7E9A-A1F7-460E-8018-783CADBDE333}
		{89959C2A-4B6C-46C8-ADEE-7D1C454CFA88} = {036E7E9A-A1F7-460E-8018-783CADBDE333}
		{B857A172-9786-475C-9A1E-CD4D1E779AAE} = {036E7E9A-A1F7-460E-8018-783CADBDE333}
		{FCAD645E-FFC9-4536-B4BE-CF42760E5415} = {19F6EF38-62EC-462B-9C9C-1ABB5A4A93E0}
		{D88EA059-18ED-4438-9C4D-18C0C2C1332E} = {19F6EF38-62EC-462B-9C9C-1ABB5A4A93E0}
		{569CB6DD-EAF1-48E9-A7C9-78ADE4D8EFC9} = {19F6EF38-62EC-462B-9C9C-1ABB5A4A93E0}
		{A2F82518-6882-4970-8FB3-42330810F63F} = {036E7E9A-A1F7-460E-8018-783CADBDE333}
		{1E393B3E-57EC-4952-B8DD-B4E187AA7A2E} = {036E7E9A-A1F7-460E-8018-783CADBDE333}
		{3A6ABEF0-8323-483E-BFD9-B10D0077171E} = {036E7E9A-A1F7-460E-8018-783CADBDE333}
		{C9375ED5-11A1-45B3-B6F7-FE68D922FB07} = {A8040A36-EB47-4D6D-A83B-EE5CC3D6E0AD}
		{0C3619D2-3401-4552-9BB1-13F41D291CAF} = {036E7E9A-A1F7-460E-8018-783CADBDE333}
	EndGlobalSection
	GlobalSection(ExtensibilityGlobals) = postSolution
		SolutionGuid = {36D9B1A6-F626-4110-BCCC-C2E5852AC7A5}
	EndGlobalSection
EndGlobal
